{
  "name": "basemate-ui-core",
  "version": "0.6.0",
  "lockfileVersion": 1,
  "requires": true,
  "dependencies": {
    "yarn": {
      "version": "1.15.2",
      "resolved": "https://registry.npmjs.org/yarn/-/yarn-1.15.2.tgz",
      "integrity": "sha512-DhqaGe2FcYKduO42d2hByXk7y8k2k42H3uzYdWBMTvcNcgWKx7xCkJWsVAQikXvaEQN2GyJNrz8CboqUmaBRrw=="
    }
  }
}
